{
  "name": "playlistjs-sample",
  "lockfileVersion": 2,
  "requires": true,
  "packages": {
    "": {
      "name": "playlistjs-sample",
      "dependencies": {
        "playlistjs-types": "^0.0.3"
      },
      "devDependencies": {
        "typescript": "^5.4.5"
      }
    },
    "node_modules/playlistjs-types": {
      "version": "0.0.3",
      "resolved": "https://registry.npmjs.org/playlistjs-types/-/playlistjs-types-0.0.3.tgz",
      "integrity": "sha512-CYNU9Ideg2jLxO1/baSOP4ke76WrenLSQb8X/GhGyEikD32sLTrJry1tByaXd2nRE0oS6Y5BvFTVTyNRk2y3KA=="
    },
    "node_modules/typescript": {
      "version": "5.4.5",
      "resolved": "https://registry.npmjs.org/typescript/-/typescript-5.4.5.tgz",
      "integrity": "sha512-vcI4UpRgg81oIRUFwR0WSIHKt11nJ7SAVlYNIu+QpqeyXP+gpQJy/Z4+F0aGxSE4MqwjyXvW/TzgkLAx2AGHwQ==",
      "dev": true,
      "bin": {
        "tsc": "bin/tsc",
        "tsserver": "bin/tsserver"
      },
      "engines": {
        "node": ">=14.17"
      }
    }
  },
  "dependencies": {
    "playlistjs-types": {
      "version": "0.0.3",
      "resolved": "https://registry.npmjs.org/playlistjs-types/-/playlistjs-types-0.0.3.tgz",
      "integrity": "sha512-CYNU9Ideg2jLxO1/baSOP4ke76WrenLSQb8X/GhGyEikD32sLTrJry1tByaXd2nRE0oS6Y5BvFTVTyNRk2y3KA=="
    },
    "typescript": {
      "version": "5.4.5",
      "resolved": "https://registry.npmjs.org/typescript/-/typescript-5.4.5.tgz",
      "integrity": "sha512-vcI4UpRgg81oIRUFwR0WSIHKt11nJ7SAVlYNIu+QpqeyXP+gpQJy/Z4+F0aGxSE4MqwjyXvW/TzgkLAx2AGHwQ==",
      "dev": true
    }
  }
}
