{
  "name": "playlistjs-sample",
  "lockfileVersion": 2,
  "requires": true,
  "packages": {
    "": {
      "name": "playlistjs-sample",
      "dependencies": {
        "playlistjs-types": "^0.0.1"
      },
      "devDependencies": {
        "typescript": "^5.4.5"
      }
    },
    "node_modules/playlistjs-types": {
      "version": "0.0.1",
      "resolved": "https://registry.npmjs.org/playlistjs-types/-/playlistjs-types-0.0.1.tgz",
      "integrity": "sha512-q9KrDW55DLxiKVQMv8tyVrqCtoD9krBYrst1pXE72tWiyK2SlJnJAb82r9vcIupK1ErqBEviOIZhsq7rPRfdXA=="
    },
    "node_modules/typescript": {
      "version": "5.4.5",
      "resolved": "https://registry.npmjs.org/typescript/-/typescript-5.4.5.tgz",
      "integrity": "sha512-vcI4UpRgg81oIRUFwR0WSIHKt11nJ7SAVlYNIu+QpqeyXP+gpQJy/Z4+F0aGxSE4MqwjyXvW/TzgkLAx2AGHwQ==",
      "dev": true,
      "bin": {
        "tsc": "bin/tsc",
        "tsserver": "bin/tsserver"
      },
      "engines": {
        "node": ">=14.17"
      }
    }
  },
  "dependencies": {
    "playlistjs-types": {
      "version": "0.0.1",
      "resolved": "https://registry.npmjs.org/playlistjs-types/-/playlistjs-types-0.0.1.tgz",
      "integrity": "sha512-q9KrDW55DLxiKVQMv8tyVrqCtoD9krBYrst1pXE72tWiyK2SlJnJAb82r9vcIupK1ErqBEviOIZhsq7rPRfdXA=="
    },
    "typescript": {
      "version": "5.4.5",
      "resolved": "https://registry.npmjs.org/typescript/-/typescript-5.4.5.tgz",
      "integrity": "sha512-vcI4UpRgg81oIRUFwR0WSIHKt11nJ7SAVlYNIu+QpqeyXP+gpQJy/Z4+F0aGxSE4MqwjyXvW/TzgkLAx2AGHwQ==",
      "dev": true
    }
  }
}
